
Microsoft Visual Studio Solution File, Format Version 12.00
# Visual Studio 15
VisualStudioVersion = 15.0.27703.2047
MinimumVisualStudioVersion = 10.0.40219.1
Project("{FAE04EC0-301F-11D3-BF4B-00C04F79EFBC}") = "YALLI", "YALLI\YALLI.csproj", "{DA931F4C-42F2-40BB-85F2-B5FEDF0877E9}"
EndProject
Project("{2150E333-8FDC-42A3-9474-1A3956D46DE8}") = "Solution", "Solution", "{81DB34CC-C58A-47A8-8EE0-0894F37E635F}"
	ProjectSection(SolutionItems) = preProject
		LICENSE.md = LICENSE.md
		README.md = README.md
	EndProjectSection
EndProject
Project("{2150E333-8FDC-42A3-9474-1A3956D46DE8}") = "Testing", "Testing", "{A5DBE784-1D24-4156-9BE3-BD2D7B3600AA}"
EndProject
Project("{FAE04EC0-301F-11D3-BF4B-00C04F79EFBC}") = "YALLI.UnitTests", "Testing\YALLI.UnitTests\YALLI.UnitTests.csproj", "{68C32016-5AD0-47AB-8022-4132A0EA5C4C}"
EndProject
Project("{FAE04EC0-301F-11D3-BF4B-00C04F79EFBC}") = "ConsoleTestApplication", "Testing\ConsoleTestApplication\ConsoleTestApplication.csproj", "{6C18C613-2C91-4CF8-832E-E6C3555FE575}"
EndProject
Project("{8BC9CEB8-8B4A-11D0-8D11-00A0C91BC942}") = "MessageBoxDLL", "Testing\MessageBoxDLL\MessageBoxDLL.vcxproj", "{B17D956A-2A45-4626-8B08-647C8A03ED7B}"
EndProject
Global
	GlobalSection(SolutionConfigurationPlatforms) = preSolution
		Debug|Any CPU = Debug|Any CPU
		Debug|x64 = Debug|x64
		Debug|x86 = Debug|x86
		Release|Any CPU = Release|Any CPU
		Release|x64 = Release|x64
		Release|x86 = Release|x86
	EndGlobalSection
	GlobalSection(ProjectConfigurationPlatforms) = postSolution
		{DA931F4C-42F2-40BB-85F2-B5FEDF0877E9}.Debug|Any CPU.ActiveCfg = Debug|Any CPU
		{DA931F4C-42F2-40BB-85F2-B5FEDF0877E9}.Debug|Any CPU.Build.0 = Debug|Any CPU
		{DA931F4C-42F2-40BB-85F2-B5FEDF0877E9}.Debug|x64.ActiveCfg = Debug|Any CPU
		{DA931F4C-42F2-40BB-85F2-B5FEDF0877E9}.Debug|x64.Build.0 = Debug|Any CPU
		{DA931F4C-42F2-40BB-85F2-B5FEDF0877E9}.Debug|x86.ActiveCfg = Debug|Any CPU
		{DA931F4C-42F2-40BB-85F2-B5FEDF0877E9}.Debug|x86.Build.0 = Debug|Any CPU
		{DA931F4C-42F2-40BB-85F2-B5FEDF0877E9}.Release|Any CPU.ActiveCfg = Release|Any CPU
		{DA931F4C-42F2-40BB-85F2-B5FEDF0877E9}.Release|Any CPU.Build.0 = Release|Any CPU
		{DA931F4C-42F2-40BB-85F2-B5FEDF0877E9}.Release|x64.ActiveCfg = Release|Any CPU
		{DA931F4C-42F2-40BB-85F2-B5FEDF0877E9}.Release|x64.Build.0 = Release|Any CPU
		{DA931F4C-42F2-40BB-85F2-B5FEDF0877E9}.Release|x86.ActiveCfg = Release|Any CPU
		{DA931F4C-42F2-40BB-85F2-B5FEDF0877E9}.Release|x86.Build.0 = Release|Any CPU
		{68C32016-5AD0-47AB-8022-4132A0EA5C4C}.Debug|Any CPU.ActiveCfg = Debug|Any CPU
		{68C32016-5AD0-47AB-8022-4132A0EA5C4C}.Debug|Any CPU.Build.0 = Debug|Any CPU
		{68C32016-5AD0-47AB-8022-4132A0EA5C4C}.Debug|x64.ActiveCfg = Debug|Any CPU
		{68C32016-5AD0-47AB-8022-4132A0EA5C4C}.Debug|x64.Build.0 = Debug|Any CPU
		{68C32016-5AD0-47AB-8022-4132A0EA5C4C}.Debug|x86.ActiveCfg = Debug|Any CPU
		{68C32016-5AD0-47AB-8022-4132A0EA5C4C}.Debug|x86.Build.0 = Debug|Any CPU
		{68C32016-5AD0-47AB-8022-4132A0EA5C4C}.Release|Any CPU.ActiveCfg = Release|Any CPU
		{68C32016-5AD0-47AB-8022-4132A0EA5C4C}.Release|Any CPU.Build.0 = Release|Any CPU
		{68C32016-5AD0-47AB-8022-4132A0EA5C4C}.Release|x64.ActiveCfg = Release|Any CPU
		{68C32016-5AD0-47AB-8022-4132A0EA5C4C}.Release|x64.Build.0 = Release|Any CPU
		{68C32016-5AD0-47AB-8022-4132A0EA5C4C}.Release|x86.ActiveCfg = Release|Any CPU
		{68C32016-5AD0-47AB-8022-4132A0EA5C4C}.Release|x86.Build.0 = Release|Any CPU
		{6C18C613-2C91-4CF8-832E-E6C3555FE575}.Debug|Any CPU.ActiveCfg = Debug|Any CPU
		{6C18C613-2C91-4CF8-832E-E6C3555FE575}.Debug|Any CPU.Build.0 = Debug|Any CPU
		{6C18C613-2C91-4CF8-832E-E6C3555FE575}.Debug|x64.ActiveCfg = Debug|Any CPU
		{6C18C613-2C91-4CF8-832E-E6C3555FE575}.Debug|x64.Build.0 = Debug|Any CPU
		{6C18C613-2C91-4CF8-832E-E6C3555FE575}.Debug|x86.ActiveCfg = Debug|Any CPU
		{6C18C613-2C91-4CF8-832E-E6C3555FE575}.Debug|x86.Build.0 = Debug|Any CPU
		{6C18C613-2C91-4CF8-832E-E6C3555FE575}.Release|Any CPU.ActiveCfg = Release|Any CPU
		{6C18C613-2C91-4CF8-832E-E6C3555FE575}.Release|Any CPU.Build.0 = Release|Any CPU
		{6C18C613-2C91-4CF8-832E-E6C3555FE575}.Release|x64.ActiveCfg = Release|Any CPU
		{6C18C613-2C91-4CF8-832E-E6C3555FE575}.Release|x64.Build.0 = Release|Any CPU
		{6C18C613-2C91-4CF8-832E-E6C3555FE575}.Release|x86.ActiveCfg = Release|Any CPU
		{6C18C613-2C91-4CF8-832E-E6C3555FE575}.Release|x86.Build.0 = Release|Any CPU
		{B17D956A-2A45-4626-8B08-647C8A03ED7B}.Debug|Any CPU.ActiveCfg = Debug|Win32
		{B17D956A-2A45-4626-8B08-647C8A03ED7B}.Debug|x64.ActiveCfg = Debug|x64
		{B17D956A-2A45-4626-8B08-647C8A03ED7B}.Debug|x64.Build.0 = Debug|x64
		{B17D956A-2A45-4626-8B08-647C8A03ED7B}.Debug|x86.ActiveCfg = Debug|Win32
		{B17D956A-2A45-4626-8B08-647C8A03ED7B}.Debug|x86.Build.0 = Debug|Win32
		{B17D956A-2A45-4626-8B08-647C8A03ED7B}.Release|Any CPU.ActiveCfg = Release|Win32
		{B17D956A-2A45-4626-8B08-647C8A03ED7B}.Release|x64.ActiveCfg = Release|x64
		{B17D956A-2A45-4626-8B08-647C8A03ED7B}.Release|x64.Build.0 = Release|x64
		{B17D956A-2A45-4626-8B08-647C8A03ED7B}.Release|x86.ActiveCfg = Release|Win32
		{B17D956A-2A45-4626-8B08-647C8A03ED7B}.Release|x86.Build.0 = Release|Win32
	EndGlobalSection
	GlobalSection(SolutionProperties) = preSolution
		HideSolutionNode = FALSE
	EndGlobalSection
	GlobalSection(NestedProjects) = preSolution
		{68C32016-5AD0-47AB-8022-4132A0EA5C4C} = {A5DBE784-1D24-4156-9BE3-BD2D7B3600AA}
		{6C18C613-2C91-4CF8-832E-E6C3555FE575} = {A5DBE784-1D24-4156-9BE3-BD2D7B3600AA}
		{B17D956A-2A45-4626-8B08-647C8A03ED7B} = {A5DBE784-1D24-4156-9BE3-BD2D7B3600AA}
	EndGlobalSection
	GlobalSection(ExtensibilityGlobals) = postSolution
		SolutionGuid = {662B8287-B7CE-4E10-AF5D-1946FA76DC99}
	EndGlobalSection
EndGlobal
